
Microsoft Visual Studio Solution File, Format Version 12.00
# Visual Studio 2012
Project("{FAE04EC0-301F-11D3-BF4B-00C04F79EFBC}") = "DotNetNuke.FAQs", "DotNetNuke.FAQs.csproj", "{334B7F1B-8CB0-42FD-82C8-50D1545440E7}"
EndProject
Global
	GlobalSection(TeamFoundationVersionControl) = preSolution
		SccNumberOfProjects = 2
		SccEnterpriseProvider = {4CA58AB2-18FA-4F8D-95D4-32DDF27D184C}
		SccTeamFoundationServer = https://tfs.codeplex.com/tfs/tfs03
		SccLocalPath0 = .
		SccProjectUniqueName1 = DotNetNuke.FAQs.csproj
		SccLocalPath1 = .
	EndGlobalSection
	GlobalSection(SolutionConfigurationPlatforms) = preSolution
		Debug|Any CPU = Debug|Any CPU
		Release|Any CPU = Release|Any CPU
	EndGlobalSection
	GlobalSection(ProjectConfigurationPlatforms) = postSolution
		{334B7F1B-8CB0-42FD-82C8-50D1545440E7}.Debug|Any CPU.ActiveCfg = Debug|Any CPU
		{334B7F1B-8CB0-42FD-82C8-50D1545440E7}.Debug|Any CPU.Build.0 = Debug|Any CPU
		{334B7F1B-8CB0-42FD-82C8-50D1545440E7}.Release|Any CPU.ActiveCfg = Release|Any CPU
		{334B7F1B-8CB0-42FD-82C8-50D1545440E7}.Release|Any CPU.Build.0 = Release|Any CPU
	EndGlobalSection
	GlobalSection(SolutionProperties) = preSolution
		HideSolutionNode = FALSE
	EndGlobalSection
EndGlobal
